
Microsoft Visual Studio Solution File, Format Version 12.00
# Visual Studio Version 17
VisualStudioVersion = 17.8.34525.116
MinimumVisualStudioVersion = 10.0.40219.1
Project("{FAE04EC0-301F-11D3-BF4B-00C04F79EFBC}") = "Task_1", "Task_1\Task_1.csproj", "{087EA65A-FED5-47CF-98A4-BD828F840CC6}"
EndProject
Project("{FAE04EC0-301F-11D3-BF4B-00C04F79EFBC}") = "Task_2", "Task_2\Task_2.csproj", "{AAE87742-CBEA-40D7-8671-DEA9153F6FF2}"
EndProject
Project("{FAE04EC0-301F-11D3-BF4B-00C04F79EFBC}") = "Task_3", "Task_3\Task_3.csproj", "{1318B7AD-47B2-45F4-8BA1-59FEC47E2D12}"
EndProject
Project("{FAE04EC0-301F-11D3-BF4B-00C04F79EFBC}") = "Task_4", "Task_4\Task_4.csproj", "{B247B27A-D5B9-40B4-BAA9-3EF0A3358E1F}"
EndProject
Global
	GlobalSection(SolutionConfigurationPlatforms) = preSolution
		Debug|Any CPU = Debug|Any CPU
		Release|Any CPU = Release|Any CPU
	EndGlobalSection
	GlobalSection(ProjectConfigurationPlatforms) = postSolution
		{087EA65A-FED5-47CF-98A4-BD828F840CC6}.Debug|Any CPU.ActiveCfg = Debug|Any CPU
		{087EA65A-FED5-47CF-98A4-BD828F840CC6}.Debug|Any CPU.Build.0 = Debug|Any CPU
		{087EA65A-FED5-47CF-98A4-BD828F840CC6}.Release|Any CPU.ActiveCfg = Release|Any CPU
		{087EA65A-FED5-47CF-98A4-BD828F840CC6}.Release|Any CPU.Build.0 = Release|Any CPU
		{AAE87742-CBEA-40D7-8671-DEA9153F6FF2}.Debug|Any CPU.ActiveCfg = Debug|Any CPU
		{AAE87742-CBEA-40D7-8671-DEA9153F6FF2}.Debug|Any CPU.Build.0 = Debug|Any CPU
		{AAE87742-CBEA-40D7-8671-DEA9153F6FF2}.Release|Any CPU.ActiveCfg = Release|Any CPU
		{AAE87742-CBEA-40D7-8671-DEA9153F6FF2}.Release|Any CPU.Build.0 = Release|Any CPU
		{1318B7AD-47B2-45F4-8BA1-59FEC47E2D12}.Debug|Any CPU.ActiveCfg = Debug|Any CPU
		{1318B7AD-47B2-45F4-8BA1-59FEC47E2D12}.Debug|Any CPU.Build.0 = Debug|Any CPU
		{1318B7AD-47B2-45F4-8BA1-59FEC47E2D12}.Release|Any CPU.ActiveCfg = Release|Any CPU
		{1318B7AD-47B2-45F4-8BA1-59FEC47E2D12}.Release|Any CPU.Build.0 = Release|Any CPU
		{B247B27A-D5B9-40B4-BAA9-3EF0A3358E1F}.Debug|Any CPU.ActiveCfg = Debug|Any CPU
		{B247B27A-D5B9-40B4-BAA9-3EF0A3358E1F}.Debug|Any CPU.Build.0 = Debug|Any CPU
		{B247B27A-D5B9-40B4-BAA9-3EF0A3358E1F}.Release|Any CPU.ActiveCfg = Release|Any CPU
		{B247B27A-D5B9-40B4-BAA9-3EF0A3358E1F}.Release|Any CPU.Build.0 = Release|Any CPU
	EndGlobalSection
	GlobalSection(SolutionProperties) = preSolution
		HideSolutionNode = FALSE
	EndGlobalSection
	GlobalSection(ExtensibilityGlobals) = postSolution
		SolutionGuid = {60ADCEAD-B8E9-4A56-B3F7-BA53DDAAEC17}
	EndGlobalSection
EndGlobal
